
Microsoft Visual Studio Solution File, Format Version 12.00
# Visual Studio 15
VisualStudioVersion = 15.0.28307.852
MinimumVisualStudioVersion = 10.0.40219.1
Project("{FAE04EC0-301F-11D3-BF4B-00C04F79EFBC}") = "PathfinderCharacterSheet.Android", "PathfinderCharacterSheet\PathfinderCharacterSheet.Android\PathfinderCharacterSheet.Android.csproj", "{EAA4DECD-46DC-4794-AEE5-1B9510C1062A}"
EndProject
Project("{FAE04EC0-301F-11D3-BF4B-00C04F79EFBC}") = "PathfinderCharacterSheet.iOS", "PathfinderCharacterSheet\PathfinderCharacterSheet.iOS\PathfinderCharacterSheet.iOS.csproj", "{2B90834A-4BE7-4F16-8A7A-1487465B5573}"
EndProject
Project("{FAE04EC0-301F-11D3-BF4B-00C04F79EFBC}") = "PathfinderCharacterSheet", "PathfinderCharacterSheet\PathfinderCharacterSheet\PathfinderCharacterSheet.csproj", "{3E9E3F28-DC1C-4C7A-B495-E896B7EDE92F}"
EndProject
Global
	GlobalSection(SolutionConfigurationPlatforms) = preSolution
		Ad-Hoc|Any CPU = Ad-Hoc|Any CPU
		Ad-Hoc|iPhone = Ad-Hoc|iPhone
		Ad-Hoc|iPhoneSimulator = Ad-Hoc|iPhoneSimulator
		AppStore|Any CPU = AppStore|Any CPU
		AppStore|iPhone = AppStore|iPhone
		AppStore|iPhoneSimulator = AppStore|iPhoneSimulator
		Debug|Any CPU = Debug|Any CPU
		Debug|iPhone = Debug|iPhone
		Debug|iPhoneSimulator = Debug|iPhoneSimulator
		Release|Any CPU = Release|Any CPU
		Release|iPhone = Release|iPhone
		Release|iPhoneSimulator = Release|iPhoneSimulator
	EndGlobalSection
	GlobalSection(ProjectConfigurationPlatforms) = postSolution
		{EAA4DECD-46DC-4794-AEE5-1B9510C1062A}.Ad-Hoc|Any CPU.ActiveCfg = Release|Any CPU
		{EAA4DECD-46DC-4794-AEE5-1B9510C1062A}.Ad-Hoc|Any CPU.Build.0 = Release|Any CPU
		{EAA4DECD-46DC-4794-AEE5-1B9510C1062A}.Ad-Hoc|Any CPU.Deploy.0 = Release|Any CPU
		{EAA4DECD-46DC-4794-AEE5-1B9510C1062A}.Ad-Hoc|iPhone.ActiveCfg = Release|Any CPU
		{EAA4DECD-46DC-4794-AEE5-1B9510C1062A}.Ad-Hoc|iPhone.Build.0 = Release|Any CPU
		{EAA4DECD-46DC-4794-AEE5-1B9510C1062A}.Ad-Hoc|iPhone.Deploy.0 = Release|Any CPU
		{EAA4DECD-46DC-4794-AEE5-1B9510C1062A}.Ad-Hoc|iPhoneSimulator.ActiveCfg = Release|Any CPU
		{EAA4DECD-46DC-4794-AEE5-1B9510C1062A}.Ad-Hoc|iPhoneSimulator.Build.0 = Release|Any CPU
		{EAA4DECD-46DC-4794-AEE5-1B9510C1062A}.Ad-Hoc|iPhoneSimulator.Deploy.0 = Release|Any CPU
		{EAA4DECD-46DC-4794-AEE5-1B9510C1062A}.AppStore|Any CPU.ActiveCfg = Release|Any CPU
		{EAA4DECD-46DC-4794-AEE5-1B9510C1062A}.AppStore|Any CPU.Build.0 = Release|Any CPU
		{EAA4DECD-46DC-4794-AEE5-1B9510C1062A}.AppStore|Any CPU.Deploy.0 = Release|Any CPU
		{EAA4DECD-46DC-4794-AEE5-1B9510C1062A}.AppStore|iPhone.ActiveCfg = Release|Any CPU
		{EAA4DECD-46DC-4794-AEE5-1B9510C1062A}.AppStore|iPhone.Build.0 = Release|Any CPU
		{EAA4DECD-46DC-4794-AEE5-1B9510C1062A}.AppStore|iPhone.Deploy.0 = Release|Any CPU
		{EAA4DECD-46DC-4794-AEE5-1B9510C1062A}.AppStore|iPhoneSimulator.ActiveCfg = Release|Any CPU
		{EAA4DECD-46DC-4794-AEE5-1B9510C1062A}.AppStore|iPhoneSimulator.Build.0 = Release|Any CPU
		{EAA4DECD-46DC-4794-AEE5-1B9510C1062A}.AppStore|iPhoneSimulator.Deploy.0 = Release|Any CPU
		{EAA4DECD-46DC-4794-AEE5-1B9510C1062A}.Debug|Any CPU.ActiveCfg = Debug|Any CPU
		{EAA4DECD-46DC-4794-AEE5-1B9510C1062A}.Debug|Any CPU.Build.0 = Debug|Any CPU
		{EAA4DECD-46DC-4794-AEE5-1B9510C1062A}.Debug|Any CPU.Deploy.0 = Debug|Any CPU
		{EAA4DECD-46DC-4794-AEE5-1B9510C1062A}.Debug|iPhone.ActiveCfg = Debug|Any CPU
		{EAA4DECD-46DC-4794-AEE5-1B9510C1062A}.Debug|iPhone.Build.0 = Debug|Any CPU
		{EAA4DECD-46DC-4794-AEE5-1B9510C1062A}.Debug|iPhone.Deploy.0 = Debug|Any CPU
		{EAA4DECD-46DC-4794-AEE5-1B9510C1062A}.Debug|iPhoneSimulator.ActiveCfg = Debug|Any CPU
		{EAA4DECD-46DC-4794-AEE5-1B9510C1062A}.Debug|iPhoneSimulator.Build.0 = Debug|Any CPU
		{EAA4DECD-46DC-4794-AEE5-1B9510C1062A}.Debug|iPhoneSimulator.Deploy.0 = Debug|Any CPU
		{EAA4DECD-46DC-4794-AEE5-1B9510C1062A}.Release|Any CPU.ActiveCfg = Release|Any CPU
		{EAA4DECD-46DC-4794-AEE5-1B9510C1062A}.Release|Any CPU.Build.0 = Release|Any CPU
		{EAA4DECD-46DC-4794-AEE5-1B9510C1062A}.Release|Any CPU.Deploy.0 = Release|Any CPU
		{EAA4DECD-46DC-4794-AEE5-1B9510C1062A}.Release|iPhone.ActiveCfg = Release|Any CPU
		{EAA4DECD-46DC-4794-AEE5-1B9510C1062A}.Release|iPhone.Build.0 = Release|Any CPU
		{EAA4DECD-46DC-4794-AEE5-1B9510C1062A}.Release|iPhone.Deploy.0 = Release|Any CPU
		{EAA4DECD-46DC-4794-AEE5-1B9510C1062A}.Release|iPhoneSimulator.ActiveCfg = Release|Any CPU
		{EAA4DECD-46DC-4794-AEE5-1B9510C1062A}.Release|iPhoneSimulator.Build.0 = Release|Any CPU
		{EAA4DECD-46DC-4794-AEE5-1B9510C1062A}.Release|iPhoneSimulator.Deploy.0 = Release|Any CPU
		{2B90834A-4BE7-4F16-8A7A-1487465B5573}.Ad-Hoc|Any CPU.ActiveCfg = Ad-Hoc|iPhone
		{2B90834A-4BE7-4F16-8A7A-1487465B5573}.Ad-Hoc|Any CPU.Build.0 = Ad-Hoc|iPhone
		{2B90834A-4BE7-4F16-8A7A-1487465B5573}.Ad-Hoc|Any CPU.Deploy.0 = Ad-Hoc|iPhone
		{2B90834A-4BE7-4F16-8A7A-1487465B5573}.Ad-Hoc|iPhone.ActiveCfg = Ad-Hoc|iPhone
		{2B90834A-4BE7-4F16-8A7A-1487465B5573}.Ad-Hoc|iPhone.Build.0 = Ad-Hoc|iPhone
		{2B90834A-4BE7-4F16-8A7A-1487465B5573}.Ad-Hoc|iPhone.Deploy.0 = Ad-Hoc|iPhone
		{2B90834A-4BE7-4F16-8A7A-1487465B5573}.Ad-Hoc|iPhoneSimulator.ActiveCfg = Ad-Hoc|iPhoneSimulator
		{2B90834A-4BE7-4F16-8A7A-1487465B5573}.Ad-Hoc|iPhoneSimulator.Build.0 = Ad-Hoc|iPhoneSimulator
		{2B90834A-4BE7-4F16-8A7A-1487465B5573}.Ad-Hoc|iPhoneSimulator.Deploy.0 = Ad-Hoc|iPhoneSimulator
		{2B90834A-4BE7-4F16-8A7A-1487465B5573}.AppStore|Any CPU.ActiveCfg = AppStore|iPhone
		{2B90834A-4BE7-4F16-8A7A-1487465B5573}.AppStore|Any CPU.Build.0 = AppStore|iPhone
		{2B90834A-4BE7-4F16-8A7A-1487465B5573}.AppStore|Any CPU.Deploy.0 = AppStore|iPhone
		{2B90834A-4BE7-4F16-8A7A-1487465B5573}.AppStore|iPhone.ActiveCfg = AppStore|iPhone
		{2B90834A-4BE7-4F16-8A7A-1487465B5573}.AppStore|iPhone.Build.0 = AppStore|iPhone
		{2B90834A-4BE7-4F16-8A7A-1487465B5573}.AppStore|iPhone.Deploy.0 = AppStore|iPhone
		{2B90834A-4BE7-4F16-8A7A-1487465B5573}.AppStore|iPhoneSimulator.ActiveCfg = AppStore|iPhoneSimulator
		{2B90834A-4BE7-4F16-8A7A-1487465B5573}.AppStore|iPhoneSimulator.Build.0 = AppStore|iPhoneSimulator
		{2B90834A-4BE7-4F16-8A7A-1487465B5573}.AppStore|iPhoneSimulator.Deploy.0 = AppStore|iPhoneSimulator
		{2B90834A-4BE7-4F16-8A7A-1487465B5573}.Debug|Any CPU.ActiveCfg = Debug|iPhoneSimulator
		{2B90834A-4BE7-4F16-8A7A-1487465B5573}.Debug|Any CPU.Build.0 = Debug|iPhoneSimulator
		{2B90834A-4BE7-4F16-8A7A-1487465B5573}.Debug|Any CPU.Deploy.0 = Debug|iPhoneSimulator
		{2B90834A-4BE7-4F16-8A7A-1487465B5573}.Debug|iPhone.ActiveCfg = Debug|iPhone
		{2B90834A-4BE7-4F16-8A7A-1487465B5573}.Debug|iPhone.Build.0 = Debug|iPhone
		{2B90834A-4BE7-4F16-8A7A-1487465B5573}.Debug|iPhone.Deploy.0 = Debug|iPhone
		{2B90834A-4BE7-4F16-8A7A-1487465B5573}.Debug|iPhoneSimulator.ActiveCfg = Debug|iPhoneSimulator
		{2B90834A-4BE7-4F16-8A7A-1487465B5573}.Debug|iPhoneSimulator.Build.0 = Debug|iPhoneSimulator
		{2B90834A-4BE7-4F16-8A7A-1487465B5573}.Debug|iPhoneSimulator.Deploy.0 = Debug|iPhoneSimulator
		{2B90834A-4BE7-4F16-8A7A-1487465B5573}.Release|Any CPU.ActiveCfg = Release|iPhone
		{2B90834A-4BE7-4F16-8A7A-1487465B5573}.Release|Any CPU.Build.0 = Release|iPhone
		{2B90834A-4BE7-4F16-8A7A-1487465B5573}.Release|Any CPU.Deploy.0 = Release|iPhone
		{2B90834A-4BE7-4F16-8A7A-1487465B5573}.Release|iPhone.ActiveCfg = Release|iPhone
		{2B90834A-4BE7-4F16-8A7A-1487465B5573}.Release|iPhone.Build.0 = Release|iPhone
		{2B90834A-4BE7-4F16-8A7A-1487465B5573}.Release|iPhone.Deploy.0 = Release|iPhone
		{2B90834A-4BE7-4F16-8A7A-1487465B5573}.Release|iPhoneSimulator.ActiveCfg = Release|iPhoneSimulator
		{2B90834A-4BE7-4F16-8A7A-1487465B5573}.Release|iPhoneSimulator.Build.0 = Release|iPhoneSimulator
		{2B90834A-4BE7-4F16-8A7A-1487465B5573}.Release|iPhoneSimulator.Deploy.0 = Release|iPhoneSimulator
		{3E9E3F28-DC1C-4C7A-B495-E896B7EDE92F}.Ad-Hoc|Any CPU.ActiveCfg = Debug|Any CPU
		{3E9E3F28-DC1C-4C7A-B495-E896B7EDE92F}.Ad-Hoc|Any CPU.Build.0 = Debug|Any CPU
		{3E9E3F28-DC1C-4C7A-B495-E896B7EDE92F}.Ad-Hoc|Any CPU.Deploy.0 = Debug|Any CPU
		{3E9E3F28-DC1C-4C7A-B495-E896B7EDE92F}.Ad-Hoc|iPhone.ActiveCfg = Debug|Any CPU
		{3E9E3F28-DC1C-4C7A-B495-E896B7EDE92F}.Ad-Hoc|iPhone.Build.0 = Debug|Any CPU
		{3E9E3F28-DC1C-4C7A-B495-E896B7EDE92F}.Ad-Hoc|iPhone.Deploy.0 = Debug|Any CPU
		{3E9E3F28-DC1C-4C7A-B495-E896B7EDE92F}.Ad-Hoc|iPhoneSimulator.ActiveCfg = Debug|Any CPU
		{3E9E3F28-DC1C-4C7A-B495-E896B7EDE92F}.Ad-Hoc|iPhoneSimulator.Build.0 = Debug|Any CPU
		{3E9E3F28-DC1C-4C7A-B495-E896B7EDE92F}.Ad-Hoc|iPhoneSimulator.Deploy.0 = Debug|Any CPU
		{3E9E3F28-DC1C-4C7A-B495-E896B7EDE92F}.AppStore|Any CPU.ActiveCfg = Debug|Any CPU
		{3E9E3F28-DC1C-4C7A-B495-E896B7EDE92F}.AppStore|Any CPU.Build.0 = Debug|Any CPU
		{3E9E3F28-DC1C-4C7A-B495-E896B7EDE92F}.AppStore|Any CPU.Deploy.0 = Debug|Any CPU
		{3E9E3F28-DC1C-4C7A-B495-E896B7EDE92F}.AppStore|iPhone.ActiveCfg = Debug|Any CPU
		{3E9E3F28-DC1C-4C7A-B495-E896B7EDE92F}.AppStore|iPhone.Build.0 = Debug|Any CPU
		{3E9E3F28-DC1C-4C7A-B495-E896B7EDE92F}.AppStore|iPhone.Deploy.0 = Debug|Any CPU
		{3E9E3F28-DC1C-4C7A-B495-E896B7EDE92F}.AppStore|iPhoneSimulator.ActiveCfg = Debug|Any CPU
		{3E9E3F28-DC1C-4C7A-B495-E896B7EDE92F}.AppStore|iPhoneSimulator.Build.0 = Debug|Any CPU
		{3E9E3F28-DC1C-4C7A-B495-E896B7EDE92F}.AppStore|iPhoneSimulator.Deploy.0 = Debug|Any CPU
		{3E9E3F28-DC1C-4C7A-B495-E896B7EDE92F}.Debug|Any CPU.ActiveCfg = Debug|Any CPU
		{3E9E3F28-DC1C-4C7A-B495-E896B7EDE92F}.Debug|Any CPU.Build.0 = Debug|Any CPU
		{3E9E3F28-DC1C-4C7A-B495-E896B7EDE92F}.Debug|Any CPU.Deploy.0 = Debug|Any CPU
		{3E9E3F28-DC1C-4C7A-B495-E896B7EDE92F}.Debug|iPhone.ActiveCfg = Debug|Any CPU
		{3E9E3F28-DC1C-4C7A-B495-E896B7EDE92F}.Debug|iPhone.Build.0 = Debug|Any CPU
		{3E9E3F28-DC1C-4C7A-B495-E896B7EDE92F}.Debug|iPhone.Deploy.0 = Debug|Any CPU
		{3E9E3F28-DC1C-4C7A-B495-E896B7EDE92F}.Debug|iPhoneSimulator.ActiveCfg = Debug|Any CPU
		{3E9E3F28-DC1C-4C7A-B495-E896B7EDE92F}.Debug|iPhoneSimulator.Build.0 = Debug|Any CPU
		{3E9E3F28-DC1C-4C7A-B495-E896B7EDE92F}.Debug|iPhoneSimulator.Deploy.0 = Debug|Any CPU
		{3E9E3F28-DC1C-4C7A-B495-E896B7EDE92F}.Release|Any CPU.ActiveCfg = Release|Any CPU
		{3E9E3F28-DC1C-4C7A-B495-E896B7EDE92F}.Release|Any CPU.Build.0 = Release|Any CPU
		{3E9E3F28-DC1C-4C7A-B495-E896B7EDE92F}.Release|Any CPU.Deploy.0 = Release|Any CPU
		{3E9E3F28-DC1C-4C7A-B495-E896B7EDE92F}.Release|iPhone.ActiveCfg = Release|Any CPU
		{3E9E3F28-DC1C-4C7A-B495-E896B7EDE92F}.Release|iPhone.Build.0 = Release|Any CPU
		{3E9E3F28-DC1C-4C7A-B495-E896B7EDE92F}.Release|iPhone.Deploy.0 = Release|Any CPU
		{3E9E3F28-DC1C-4C7A-B495-E896B7EDE92F}.Release|iPhoneSimulator.ActiveCfg = Release|Any CPU
		{3E9E3F28-DC1C-4C7A-B495-E896B7EDE92F}.Release|iPhoneSimulator.Build.0 = Release|Any CPU
		{3E9E3F28-DC1C-4C7A-B495-E896B7EDE92F}.Release|iPhoneSimulator.Deploy.0 = Release|Any CPU
	EndGlobalSection
	GlobalSection(SolutionProperties) = preSolution
		HideSolutionNode = FALSE
	EndGlobalSection
	GlobalSection(ExtensibilityGlobals) = postSolution
		SolutionGuid = {E9B064F5-4419-4D6D-BA80-B5C14FDFF9BF}
	EndGlobalSection
EndGlobal
